
Microsoft Visual Studio Solution File, Format Version 12.00
# Visual Studio 15
VisualStudioVersion = 15.0.27428.1
MinimumVisualStudioVersion = 10.0.40219.1
Project("{FAE04EC0-301F-11D3-BF4B-00C04F79EFBC}") = "HelloWorld", "HelloWorld\HelloWorld.csproj", "{7A753251-C6D9-4AC3-B2D9-45B1E2EBCE8D}"
EndProject
Global
	GlobalSection(SolutionConfigurationPlatforms) = preSolution
		Debug|Any CPU = Debug|Any CPU
		Release|Any CPU = Release|Any CPU
	EndGlobalSection
	GlobalSection(ProjectConfigurationPlatforms) = postSolution
		{7A753251-C6D9-4AC3-B2D9-45B1E2EBCE8D}.Debug|Any CPU.ActiveCfg = Debug|Any CPU
		{7A753251-C6D9-4AC3-B2D9-45B1E2EBCE8D}.Debug|Any CPU.Build.0 = Debug|Any CPU
		{7A753251-C6D9-4AC3-B2D9-45B1E2EBCE8D}.Release|Any CPU.ActiveCfg = Release|Any CPU
		{7A753251-C6D9-4AC3-B2D9-45B1E2EBCE8D}.Release|Any CPU.Build.0 = Release|Any CPU
	EndGlobalSection
	GlobalSection(SolutionProperties) = preSolution
		HideSolutionNode = FALSE
	EndGlobalSection
	GlobalSection(ExtensibilityGlobals) = postSolution
		SolutionGuid = {095A2B48-3949-4877-BD54-B2CA8E9EB5A7}
	EndGlobalSection
EndGlobal
