
Microsoft Visual Studio Solution File, Format Version 12.00
# Visual Studio 15
VisualStudioVersion = 15.0.27428.1
MinimumVisualStudioVersion = 10.0.40219.1
Project("{FAE04EC0-301F-11D3-BF4B-00C04F79EFBC}") = "WorkingWithStrings", "WorkingWithStrings\WorkingWithStrings.csproj", "{457800CE-65F4-44C9-BD29-DF13AD777212}"
EndProject
Global
	GlobalSection(SolutionConfigurationPlatforms) = preSolution
		Debug|Any CPU = Debug|Any CPU
		Release|Any CPU = Release|Any CPU
	EndGlobalSection
	GlobalSection(ProjectConfigurationPlatforms) = postSolution
		{457800CE-65F4-44C9-BD29-DF13AD777212}.Debug|Any CPU.ActiveCfg = Debug|Any CPU
		{457800CE-65F4-44C9-BD29-DF13AD777212}.Debug|Any CPU.Build.0 = Debug|Any CPU
		{457800CE-65F4-44C9-BD29-DF13AD777212}.Release|Any CPU.ActiveCfg = Release|Any CPU
		{457800CE-65F4-44C9-BD29-DF13AD777212}.Release|Any CPU.Build.0 = Release|Any CPU
	EndGlobalSection
	GlobalSection(SolutionProperties) = preSolution
		HideSolutionNode = FALSE
	EndGlobalSection
	GlobalSection(ExtensibilityGlobals) = postSolution
		SolutionGuid = {527243FC-2376-44AC-BA68-2852B326A30D}
	EndGlobalSection
EndGlobal
